// !$*UTF8*$!
{
	archiveVersion = 1;
	classes = {
	};
	objectVersion = 77;
	objects = {

/* Begin PBXBuildFile section */
		DDA1215D2E01D11E00E3DD1A /* Bible.md in Resources */ = {isa = PBXBuildFile; fileRef = DDA1215C2E01D11700E3DD1A /* Bible.md */; };
		DDA121B22E02295E00E3DD1A /* WidgetKit.framework in Frameworks */ = {isa = PBXBuildFile; fileRef = DDA121B12E02295E00E3DD1A /* WidgetKit.framework */; };
		DDA121B42E02295E00E3DD1A /* SwiftUI.framework in Frameworks */ = {isa = PBXBuildFile; fileRef = DDA121B32E02295E00E3DD1A /* SwiftUI.framework */; };
		DDA121C22E02295F00E3DD1A /* ThingsWidgetExtension.appex in Embed Foundation Extensions */ = {isa = PBXBuildFile; fileRef = DDA121AF2E02295E00E3DD1A /* ThingsWidgetExtension.appex */; settings = {ATTRIBUTES = (RemoveHeadersOnCopy, ); }; };
		DDA121EE2E022EE800E3DD1A /* ThingsWatch Watch App.app in Embed Watch Content */ = {isa = PBXBuildFile; fileRef = DDA121CE2E022EE700E3DD1A /* ThingsWatch Watch App.app */; platformFilter = ios; settings = {ATTRIBUTES = (RemoveHeadersOnCopy, ); }; };
/* End PBXBuildFile section */

/* Begin PBXContainerItemProxy section */
		DDA121402E01D0D500E3DD1A /* PBXContainerItemProxy */ = {
			isa = PBXContainerItemProxy;
			containerPortal = DDA121292E01D0D300E3DD1A /* Project object */;
			proxyType = 1;
			remoteGlobalIDString = DDA121302E01D0D300E3DD1A;
			remoteInfo = Things4;
		};
		DDA1214A2E01D0D500E3DD1A /* PBXContainerItemProxy */ = {
			isa = PBXContainerItemProxy;
			containerPortal = DDA121292E01D0D300E3DD1A /* Project object */;
			proxyType = 1;
			remoteGlobalIDString = DDA121302E01D0D300E3DD1A;
			remoteInfo = Things4;
		};
		DDA121C02E02295F00E3DD1A /* PBXContainerItemProxy */ = {
			isa = PBXContainerItemProxy;
			containerPortal = DDA121292E01D0D300E3DD1A /* Project object */;
			proxyType = 1;
			remoteGlobalIDString = DDA121AE2E02295E00E3DD1A;
			remoteInfo = ThingsWidgetExtension;
		};
		DDA121DB2E022EE800E3DD1A /* PBXContainerItemProxy */ = {
			isa = PBXContainerItemProxy;
			containerPortal = DDA121292E01D0D300E3DD1A /* Project object */;
			proxyType = 1;
			remoteGlobalIDString = DDA121CD2E022EE700E3DD1A;
			remoteInfo = "ThingsWatch Watch App";
		};
		DDA121E52E022EE800E3DD1A /* PBXContainerItemProxy */ = {
			isa = PBXContainerItemProxy;
			containerPortal = DDA121292E01D0D300E3DD1A /* Project object */;
			proxyType = 1;
			remoteGlobalIDString = DDA121CD2E022EE700E3DD1A;
			remoteInfo = "ThingsWatch Watch App";
		};
		DDA121EC2E022EE800E3DD1A /* PBXContainerItemProxy */ = {
			isa = PBXContainerItemProxy;
			containerPortal = DDA121292E01D0D300E3DD1A /* Project object */;
			proxyType = 1;
			remoteGlobalIDString = DDA121CD2E022EE700E3DD1A;
			remoteInfo = "ThingsWatch Watch App";
		};
/* End PBXContainerItemProxy section */

/* Begin PBXCopyFilesBuildPhase section */
		DDA121C72E02295F00E3DD1A /* Embed Foundation Extensions */ = {
			isa = PBXCopyFilesBuildPhase;
			buildActionMask = 2147483647;
			dstPath = "";
			dstSubfolderSpec = 13;
			files = (
				DDA121C22E02295F00E3DD1A /* ThingsWidgetExtension.appex in Embed Foundation Extensions */,
			);
			name = "Embed Foundation Extensions";
			runOnlyForDeploymentPostprocessing = 0;
		};
		DDA121F22E022EE800E3DD1A /* Embed Watch Content */ = {
			isa = PBXCopyFilesBuildPhase;
			buildActionMask = 2147483647;
			dstPath = "$(CONTENTS_FOLDER_PATH)/Watch";
			dstSubfolderSpec = 16;
			files = (
				DDA121EE2E022EE800E3DD1A /* ThingsWatch Watch App.app in Embed Watch Content */,
			);
			name = "Embed Watch Content";
			runOnlyForDeploymentPostprocessing = 0;
		};
/* End PBXCopyFilesBuildPhase section */

/* Begin PBXFileReference section */
		DDA121312E01D0D300E3DD1A /* Things4.app */ = {isa = PBXFileReference; explicitFileType = wrapper.application; includeInIndex = 0; path = Things4.app; sourceTree = BUILT_PRODUCTS_DIR; };
		DDA1213F2E01D0D500E3DD1A /* Things4Tests.xctest */ = {isa = PBXFileReference; explicitFileType = wrapper.cfbundle; includeInIndex = 0; path = Things4Tests.xctest; sourceTree = BUILT_PRODUCTS_DIR; };
		DDA121492E01D0D500E3DD1A /* Things4UITests.xctest */ = {isa = PBXFileReference; explicitFileType = wrapper.cfbundle; includeInIndex = 0; path = Things4UITests.xctest; sourceTree = BUILT_PRODUCTS_DIR; };
		DDA1215C2E01D11700E3DD1A /* Bible.md */ = {isa = PBXFileReference; lastKnownFileType = net.daringfireball.markdown; path = Bible.md; sourceTree = "<group>"; };
		DDA121AF2E02295E00E3DD1A /* ThingsWidgetExtension.appex */ = {isa = PBXFileReference; explicitFileType = "wrapper.app-extension"; includeInIndex = 0; path = ThingsWidgetExtension.appex; sourceTree = BUILT_PRODUCTS_DIR; };
		DDA121B12E02295E00E3DD1A /* WidgetKit.framework */ = {isa = PBXFileReference; lastKnownFileType = wrapper.framework; name = WidgetKit.framework; path = System/Library/Frameworks/WidgetKit.framework; sourceTree = SDKROOT; };
		DDA121B32E02295E00E3DD1A /* SwiftUI.framework */ = {isa = PBXFileReference; lastKnownFileType = wrapper.framework; name = SwiftUI.framework; path = System/Library/Frameworks/SwiftUI.framework; sourceTree = SDKROOT; };
		DDA121CE2E022EE700E3DD1A /* ThingsWatch Watch App.app */ = {isa = PBXFileReference; explicitFileType = wrapper.application; includeInIndex = 0; path = "ThingsWatch Watch App.app"; sourceTree = BUILT_PRODUCTS_DIR; };
		DDA121DA2E022EE800E3DD1A /* ThingsWatch Watch AppTests.xctest */ = {isa = PBXFileReference; explicitFileType = wrapper.cfbundle; includeInIndex = 0; path = "ThingsWatch Watch AppTests.xctest"; sourceTree = BUILT_PRODUCTS_DIR; };
		DDA121E42E022EE800E3DD1A /* ThingsWatch Watch AppUITests.xctest */ = {isa = PBXFileReference; explicitFileType = wrapper.cfbundle; includeInIndex = 0; path = "ThingsWatch Watch AppUITests.xctest"; sourceTree = BUILT_PRODUCTS_DIR; };
/* End PBXFileReference section */

/* Begin PBXFileSystemSynchronizedBuildFileExceptionSet section */
		DDA121C32E02295F00E3DD1A /* Exceptions for "ThingsWidget" folder in "ThingsWidgetExtension" target */ = {
			isa = PBXFileSystemSynchronizedBuildFileExceptionSet;
			membershipExceptions = (
				Info.plist,
			);
			target = DDA121AE2E02295E00E3DD1A /* ThingsWidgetExtension */;
		};
		DDA1223A2E02CB6900E3DD1A /* Exceptions for "Things4" folder in "Things4" target */ = {
			isa = PBXFileSystemSynchronizedBuildFileExceptionSet;
			membershipExceptions = (
				Info.plist,
			);
			target = DDA121302E01D0D300E3DD1A /* Things4 */;
		};
/* End PBXFileSystemSynchronizedBuildFileExceptionSet section */

/* Begin PBXFileSystemSynchronizedRootGroup section */
		DDA121332E01D0D300E3DD1A /* Things4 */ = {
			isa = PBXFileSystemSynchronizedRootGroup;
			exceptions = (
				DDA1223A2E02CB6900E3DD1A /* Exceptions for "Things4" folder in "Things4" target */,
			);
			path = Things4;
			sourceTree = "<group>";
		};
		DDA121422E01D0D500E3DD1A /* Things4Tests */ = {
			isa = PBXFileSystemSynchronizedRootGroup;
			path = Things4Tests;
			sourceTree = "<group>";
		};
		DDA1214C2E01D0D500E3DD1A /* Things4UITests */ = {
			isa = PBXFileSystemSynchronizedRootGroup;
			path = Things4UITests;
			sourceTree = "<group>";
		};
		DDA121B52E02295E00E3DD1A /* ThingsWidget */ = {
			isa = PBXFileSystemSynchronizedRootGroup;
			exceptions = (
				DDA121C32E02295F00E3DD1A /* Exceptions for "ThingsWidget" folder in "ThingsWidgetExtension" target */,
			);
			path = ThingsWidget;
			sourceTree = "<group>";
		};
		DDA121CF2E022EE700E3DD1A /* ThingsWatch Watch App */ = {
			isa = PBXFileSystemSynchronizedRootGroup;
			path = "ThingsWatch Watch App";
			sourceTree = "<group>";
		};
		DDA121DD2E022EE800E3DD1A /* ThingsWatch Watch AppTests */ = {
			isa = PBXFileSystemSynchronizedRootGroup;
			path = "ThingsWatch Watch AppTests";
			sourceTree = "<group>";
		};
		DDA121E72E022EE800E3DD1A /* ThingsWatch Watch AppUITests */ = {
			isa = PBXFileSystemSynchronizedRootGroup;
			path = "ThingsWatch Watch AppUITests";
			sourceTree = "<group>";
		};
/* End PBXFileSystemSynchronizedRootGroup section */

/* Begin PBXFrameworksBuildPhase section */
		DDA1212E2E01D0D300E3DD1A /* Frameworks */ = {
			isa = PBXFrameworksBuildPhase;
			buildActionMask = 2147483647;
			files = (
			);
			runOnlyForDeploymentPostprocessing = 0;
		};
		DDA1213C2E01D0D500E3DD1A /* Frameworks */ = {
			isa = PBXFrameworksBuildPhase;
			buildActionMask = 2147483647;
			files = (
			);
			runOnlyForDeploymentPostprocessing = 0;
		};
		DDA121462E01D0D500E3DD1A /* Frameworks */ = {
			isa = PBXFrameworksBuildPhase;
			buildActionMask = 2147483647;
			files = (
			);
			runOnlyForDeploymentPostprocessing = 0;
		};
		DDA121AC2E02295E00E3DD1A /* Frameworks */ = {
			isa = PBXFrameworksBuildPhase;
			buildActionMask = 2147483647;
			files = (
				DDA121B42E02295E00E3DD1A /* SwiftUI.framework in Frameworks */,
				DDA121B22E02295E00E3DD1A /* WidgetKit.framework in Frameworks */,
			);
			runOnlyForDeploymentPostprocessing = 0;
		};
		DDA121CB2E022EE700E3DD1A /* Frameworks */ = {
			isa = PBXFrameworksBuildPhase;
			buildActionMask = 2147483647;
			files = (
			);
			runOnlyForDeploymentPostprocessing = 0;
		};
		DDA121D72E022EE800E3DD1A /* Frameworks */ = {
			isa = PBXFrameworksBuildPhase;
			buildActionMask = 2147483647;
			files = (
			);
			runOnlyForDeploymentPostprocessing = 0;
		};
		DDA121E12E022EE800E3DD1A /* Frameworks */ = {
			isa = PBXFrameworksBuildPhase;
			buildActionMask = 2147483647;
			files = (
			);
			runOnlyForDeploymentPostprocessing = 0;
		};
/* End PBXFrameworksBuildPhase section */

/* Begin PBXGroup section */
		DDA121282E01D0D300E3DD1A = {
			isa = PBXGroup;
			children = (
				DDA1215C2E01D11700E3DD1A /* Bible.md */,
				DDA121332E01D0D300E3DD1A /* Things4 */,
				DDA121422E01D0D500E3DD1A /* Things4Tests */,
				DDA1214C2E01D0D500E3DD1A /* Things4UITests */,
				DDA121B52E02295E00E3DD1A /* ThingsWidget */,
				DDA121CF2E022EE700E3DD1A /* ThingsWatch Watch App */,
				DDA121DD2E022EE800E3DD1A /* ThingsWatch Watch AppTests */,
				DDA121E72E022EE800E3DD1A /* ThingsWatch Watch AppUITests */,
				DDA121B02E02295E00E3DD1A /* Frameworks */,
				DDA121322E01D0D300E3DD1A /* Products */,
			);
			sourceTree = "<group>";
		};
		DDA121322E01D0D300E3DD1A /* Products */ = {
			isa = PBXGroup;
			children = (
				DDA121312E01D0D300E3DD1A /* Things4.app */,
				DDA1213F2E01D0D500E3DD1A /* Things4Tests.xctest */,
				DDA121492E01D0D500E3DD1A /* Things4UITests.xctest */,
				DDA121AF2E02295E00E3DD1A /* ThingsWidgetExtension.appex */,
				DDA121CE2E022EE700E3DD1A /* ThingsWatch Watch App.app */,
				DDA121DA2E022EE800E3DD1A /* ThingsWatch Watch AppTests.xctest */,
				DDA121E42E022EE800E3DD1A /* ThingsWatch Watch AppUITests.xctest */,
			);
			name = Products;
			sourceTree = "<group>";
		};
		DDA121B02E02295E00E3DD1A /* Frameworks */ = {
			isa = PBXGroup;
			children = (
				DDA121B12E02295E00E3DD1A /* WidgetKit.framework */,
				DDA121B32E02295E00E3DD1A /* SwiftUI.framework */,
			);
			name = Frameworks;
			sourceTree = "<group>";
		};
/* End PBXGroup section */

/* Begin PBXNativeTarget section */
		DDA121302E01D0D300E3DD1A /* Things4 */ = {
			isa = PBXNativeTarget;
			buildConfigurationList = DDA121532E01D0D500E3DD1A /* Build configuration list for PBXNativeTarget "Things4" */;
			buildPhases = (
				DDA1212D2E01D0D300E3DD1A /* Sources */,
				DDA1212E2E01D0D300E3DD1A /* Frameworks */,
				DDA1212F2E01D0D300E3DD1A /* Resources */,
				DDA121C72E02295F00E3DD1A /* Embed Foundation Extensions */,
				DDA121F22E022EE800E3DD1A /* Embed Watch Content */,
			);
			buildRules = (
			);
			dependencies = (
				DDA121C12E02295F00E3DD1A /* PBXTargetDependency */,
				DDA121ED2E022EE800E3DD1A /* PBXTargetDependency */,
			);
			fileSystemSynchronizedGroups = (
				DDA121332E01D0D300E3DD1A /* Things4 */,
			);
			name = Things4;
			packageProductDependencies = (
			);
			productName = Things4;
			productReference = DDA121312E01D0D300E3DD1A /* Things4.app */;
			productType = "com.apple.product-type.application";
		};
		DDA1213E2E01D0D500E3DD1A /* Things4Tests */ = {
			isa = PBXNativeTarget;
			buildConfigurationList = DDA121562E01D0D500E3DD1A /* Build configuration list for PBXNativeTarget "Things4Tests" */;
			buildPhases = (
				DDA1213B2E01D0D500E3DD1A /* Sources */,
				DDA1213C2E01D0D500E3DD1A /* Frameworks */,
				DDA1213D2E01D0D500E3DD1A /* Resources */,
			);
			buildRules = (
			);
			dependencies = (
				DDA121412E01D0D500E3DD1A /* PBXTargetDependency */,
			);
			fileSystemSynchronizedGroups = (
				DDA121422E01D0D500E3DD1A /* Things4Tests */,
			);
			name = Things4Tests;
			packageProductDependencies = (
			);
			productName = Things4Tests;
			productReference = DDA1213F2E01D0D500E3DD1A /* Things4Tests.xctest */;
			productType = "com.apple.product-type.bundle.unit-test";
		};
		DDA121482E01D0D500E3DD1A /* Things4UITests */ = {
			isa = PBXNativeTarget;
			buildConfigurationList = DDA121592E01D0D500E3DD1A /* Build configuration list for PBXNativeTarget "Things4UITests" */;
			buildPhases = (
				DDA121452E01D0D500E3DD1A /* Sources */,
				DDA121462E01D0D500E3DD1A /* Frameworks */,
				DDA121472E01D0D500E3DD1A /* Resources */,
			);
			buildRules = (
			);
			dependencies = (
				DDA1214B2E01D0D500E3DD1A /* PBXTargetDependency */,
			);
			fileSystemSynchronizedGroups = (
				DDA1214C2E01D0D500E3DD1A /* Things4UITests */,
			);
			name = Things4UITests;
			packageProductDependencies = (
			);
			productName = Things4UITests;
			productReference = DDA121492E01D0D500E3DD1A /* Things4UITests.xctest */;
			productType = "com.apple.product-type.bundle.ui-testing";
		};
		DDA121AE2E02295E00E3DD1A /* ThingsWidgetExtension */ = {
			isa = PBXNativeTarget;
			buildConfigurationList = DDA121C42E02295F00E3DD1A /* Build configuration list for PBXNativeTarget "ThingsWidgetExtension" */;
			buildPhases = (
				DDA121AB2E02295E00E3DD1A /* Sources */,
				DDA121AC2E02295E00E3DD1A /* Frameworks */,
				DDA121AD2E02295E00E3DD1A /* Resources */,
			);
			buildRules = (
			);
			dependencies = (
			);
			fileSystemSynchronizedGroups = (
				DDA121B52E02295E00E3DD1A /* ThingsWidget */,
			);
			name = ThingsWidgetExtension;
			packageProductDependencies = (
			);
			productName = ThingsWidgetExtension;
			productReference = DDA121AF2E02295E00E3DD1A /* ThingsWidgetExtension.appex */;
			productType = "com.apple.product-type.app-extension";
		};
		DDA121CD2E022EE700E3DD1A /* ThingsWatch Watch App */ = {
			isa = PBXNativeTarget;
			buildConfigurationList = DDA121EF2E022EE800E3DD1A /* Build configuration list for PBXNativeTarget "ThingsWatch Watch App" */;
			buildPhases = (
				DDA121CA2E022EE700E3DD1A /* Sources */,
				DDA121CB2E022EE700E3DD1A /* Frameworks */,
				DDA121CC2E022EE700E3DD1A /* Resources */,
			);
			buildRules = (
			);
			dependencies = (
			);
			fileSystemSynchronizedGroups = (
				DDA121CF2E022EE700E3DD1A /* ThingsWatch Watch App */,
			);
			name = "ThingsWatch Watch App";
			packageProductDependencies = (
			);
			productName = "ThingsWatch Watch App";
			productReference = DDA121CE2E022EE700E3DD1A /* ThingsWatch Watch App.app */;
			productType = "com.apple.product-type.application";
		};
		DDA121D92E022EE800E3DD1A /* ThingsWatch Watch AppTests */ = {
			isa = PBXNativeTarget;
			buildConfigurationList = DDA121F32E022EE800E3DD1A /* Build configuration list for PBXNativeTarget "ThingsWatch Watch AppTests" */;
			buildPhases = (
				DDA121D62E022EE800E3DD1A /* Sources */,
				DDA121D72E022EE800E3DD1A /* Frameworks */,
				DDA121D82E022EE800E3DD1A /* Resources */,
			);
			buildRules = (
			);
			dependencies = (
				DDA121DC2E022EE800E3DD1A /* PBXTargetDependency */,
			);
			fileSystemSynchronizedGroups = (
				DDA121DD2E022EE800E3DD1A /* ThingsWatch Watch AppTests */,
			);
			name = "ThingsWatch Watch AppTests";
			packageProductDependencies = (
			);
			productName = "ThingsWatch Watch AppTests";
			productReference = DDA121DA2E022EE800E3DD1A /* ThingsWatch Watch AppTests.xctest */;
			productType = "com.apple.product-type.bundle.unit-test";
		};
		DDA121E32E022EE800E3DD1A /* ThingsWatch Watch AppUITests */ = {
			isa = PBXNativeTarget;
			buildConfigurationList = DDA121F62E022EE800E3DD1A /* Build configuration list for PBXNativeTarget "ThingsWatch Watch AppUITests" */;
			buildPhases = (
				DDA121E02E022EE800E3DD1A /* Sources */,
				DDA121E12E022EE800E3DD1A /* Frameworks */,
				DDA121E22E022EE800E3DD1A /* Resources */,
			);
			buildRules = (
			);
			dependencies = (
				DDA121E62E022EE800E3DD1A /* PBXTargetDependency */,
			);
			fileSystemSynchronizedGroups = (
				DDA121E72E022EE800E3DD1A /* ThingsWatch Watch AppUITests */,
			);
			name = "ThingsWatch Watch AppUITests";
			packageProductDependencies = (
			);
			productName = "ThingsWatch Watch AppUITests";
			productReference = DDA121E42E022EE800E3DD1A /* ThingsWatch Watch AppUITests.xctest */;
			productType = "com.apple.product-type.bundle.ui-testing";
		};
/* End PBXNativeTarget section */

/* Begin PBXProject section */
		DDA121292E01D0D300E3DD1A /* Project object */ = {
			isa = PBXProject;
			attributes = {
				BuildIndependentTargetsInParallel = 1;
				LastSwiftUpdateCheck = 1630;
				LastUpgradeCheck = 1630;
				TargetAttributes = {
					DDA121302E01D0D300E3DD1A = {
						CreatedOnToolsVersion = 16.3;
					};
					DDA1213E2E01D0D500E3DD1A = {
						CreatedOnToolsVersion = 16.3;
						TestTargetID = DDA121302E01D0D300E3DD1A;
					};
					DDA121482E01D0D500E3DD1A = {
						CreatedOnToolsVersion = 16.3;
						TestTargetID = DDA121302E01D0D300E3DD1A;
					};
					DDA121AE2E02295E00E3DD1A = {
						CreatedOnToolsVersion = 16.3;
					};
					DDA121CD2E022EE700E3DD1A = {
						CreatedOnToolsVersion = 16.3;
					};
					DDA121D92E022EE800E3DD1A = {
						CreatedOnToolsVersion = 16.3;
						TestTargetID = DDA121CD2E022EE700E3DD1A;
					};
					DDA121E32E022EE800E3DD1A = {
						CreatedOnToolsVersion = 16.3;
						TestTargetID = DDA121CD2E022EE700E3DD1A;
					};
				};
			};
			buildConfigurationList = DDA1212C2E01D0D300E3DD1A /* Build configuration list for PBXProject "Things4" */;
			developmentRegion = en;
			hasScannedForEncodings = 0;
			knownRegions = (
				en,
				Base,
			);
			mainGroup = DDA121282E01D0D300E3DD1A;
			minimizedProjectReferenceProxies = 1;
			preferredProjectObjectVersion = 77;
			productRefGroup = DDA121322E01D0D300E3DD1A /* Products */;
			projectDirPath = "";
			projectRoot = "";
			targets = (
				DDA121302E01D0D300E3DD1A /* Things4 */,
				DDA1213E2E01D0D500E3DD1A /* Things4Tests */,
				DDA121482E01D0D500E3DD1A /* Things4UITests */,
				DDA121AE2E02295E00E3DD1A /* ThingsWidgetExtension */,
				DDA121CD2E022EE700E3DD1A /* ThingsWatch Watch App */,
				DDA121D92E022EE800E3DD1A /* ThingsWatch Watch AppTests */,
				DDA121E32E022EE800E3DD1A /* ThingsWatch Watch AppUITests */,
			);
		};
/* End PBXProject section */

/* Begin PBXResourcesBuildPhase section */
		DDA1212F2E01D0D300E3DD1A /* Resources */ = {
			isa = PBXResourcesBuildPhase;
			buildActionMask = 2147483647;
			files = (
				DDA1215D2E01D11E00E3DD1A /* Bible.md in Resources */,
			);
			runOnlyForDeploymentPostprocessing = 0;
		};
		DDA1213D2E01D0D500E3DD1A /* Resources */ = {
			isa = PBXResourcesBuildPhase;
			buildActionMask = 2147483647;
			files = (
			);
			runOnlyForDeploymentPostprocessing = 0;
		};
		DDA121472E01D0D500E3DD1A /* Resources */ = {
			isa = PBXResourcesBuildPhase;
			buildActionMask = 2147483647;
			files = (
			);
			runOnlyForDeploymentPostprocessing = 0;
		};
		DDA121AD2E02295E00E3DD1A /* Resources */ = {
			isa = PBXResourcesBuildPhase;
			buildActionMask = 2147483647;
			files = (
			);
			runOnlyForDeploymentPostprocessing = 0;
		};
		DDA121CC2E022EE700E3DD1A /* Resources */ = {
			isa = PBXResourcesBuildPhase;
			buildActionMask = 2147483647;
			files = (
			);
			runOnlyForDeploymentPostprocessing = 0;
		};
		DDA121D82E022EE800E3DD1A /* Resources */ = {
			isa = PBXResourcesBuildPhase;
			buildActionMask = 2147483647;
			files = (
			);
			runOnlyForDeploymentPostprocessing = 0;
		};
		DDA121E22E022EE800E3DD1A /* Resources */ = {
			isa = PBXResourcesBuildPhase;
			buildActionMask = 2147483647;
			files = (
			);
			runOnlyForDeploymentPostprocessing = 0;
		};
/* End PBXResourcesBuildPhase section */

/* Begin PBXSourcesBuildPhase section */
		DDA1212D2E01D0D300E3DD1A /* Sources */ = {
			isa = PBXSourcesBuildPhase;
			buildActionMask = 2147483647;
			files = (
			);
			runOnlyForDeploymentPostprocessing = 0;
		};
		DDA1213B2E01D0D500E3DD1A /* Sources */ = {
			isa = PBXSourcesBuildPhase;
			buildActionMask = 2147483647;
			files = (
			);
			runOnlyForDeploymentPostprocessing = 0;
		};
		DDA121452E01D0D500E3DD1A /* Sources */ = {
			isa = PBXSourcesBuildPhase;
			buildActionMask = 2147483647;
			files = (
			);
			runOnlyForDeploymentPostprocessing = 0;
		};
		DDA121AB2E02295E00E3DD1A /* Sources */ = {
			isa = PBXSourcesBuildPhase;
			buildActionMask = 2147483647;
			files = (
			);
			runOnlyForDeploymentPostprocessing = 0;
		};
		DDA121CA2E022EE700E3DD1A /* Sources */ = {
			isa = PBXSourcesBuildPhase;
			buildActionMask = 2147483647;
			files = (
			);
			runOnlyForDeploymentPostprocessing = 0;
		};
		DDA121D62E022EE800E3DD1A /* Sources */ = {
			isa = PBXSourcesBuildPhase;
			buildActionMask = 2147483647;
			files = (
			);
			runOnlyForDeploymentPostprocessing = 0;
		};
		DDA121E02E022EE800E3DD1A /* Sources */ = {
			isa = PBXSourcesBuildPhase;
			buildActionMask = 2147483647;
			files = (
			);
			runOnlyForDeploymentPostprocessing = 0;
		};
/* End PBXSourcesBuildPhase section */

/* Begin PBXTargetDependency section */
		DDA121412E01D0D500E3DD1A /* PBXTargetDependency */ = {
			isa = PBXTargetDependency;
			target = DDA121302E01D0D300E3DD1A /* Things4 */;
			targetProxy = DDA121402E01D0D500E3DD1A /* PBXContainerItemProxy */;
		};
		DDA1214B2E01D0D500E3DD1A /* PBXTargetDependency */ = {
			isa = PBXTargetDependency;
			target = DDA121302E01D0D300E3DD1A /* Things4 */;
			targetProxy = DDA1214A2E01D0D500E3DD1A /* PBXContainerItemProxy */;
		};
		DDA121C12E02295F00E3DD1A /* PBXTargetDependency */ = {
			isa = PBXTargetDependency;
			target = DDA121AE2E02295E00E3DD1A /* ThingsWidgetExtension */;
			targetProxy = DDA121C02E02295F00E3DD1A /* PBXContainerItemProxy */;
		};
		DDA121DC2E022EE800E3DD1A /* PBXTargetDependency */ = {
			isa = PBXTargetDependency;
			target = DDA121CD2E022EE700E3DD1A /* ThingsWatch Watch App */;
			targetProxy = DDA121DB2E022EE800E3DD1A /* PBXContainerItemProxy */;
		};
		DDA121E62E022EE800E3DD1A /* PBXTargetDependency */ = {
			isa = PBXTargetDependency;
			target = DDA121CD2E022EE700E3DD1A /* ThingsWatch Watch App */;
			targetProxy = DDA121E52E022EE800E3DD1A /* PBXContainerItemProxy */;
		};
		DDA121ED2E022EE800E3DD1A /* PBXTargetDependency */ = {
			isa = PBXTargetDependency;
			platformFilter = ios;
			target = DDA121CD2E022EE700E3DD1A /* ThingsWatch Watch App */;
			targetProxy = DDA121EC2E022EE800E3DD1A /* PBXContainerItemProxy */;
		};
/* End PBXTargetDependency section */

/* Begin XCBuildConfiguration section */
		DDA121512E01D0D500E3DD1A /* Debug */ = {
			isa = XCBuildConfiguration;
			buildSettings = {
				ALWAYS_SEARCH_USER_PATHS = NO;
				ASSETCATALOG_COMPILER_GENERATE_SWIFT_ASSET_SYMBOL_EXTENSIONS = YES;
				CLANG_ANALYZER_NONNULL = YES;
				CLANG_ANALYZER_NUMBER_OBJECT_CONVERSION = YES_AGGRESSIVE;
				CLANG_CXX_LANGUAGE_STANDARD = "gnu++20";
				CLANG_ENABLE_MODULES = YES;
				CLANG_ENABLE_OBJC_ARC = YES;
				CLANG_ENABLE_OBJC_WEAK = YES;
				CLANG_WARN_BLOCK_CAPTURE_AUTORELEASING = YES;
				CLANG_WARN_BOOL_CONVERSION = YES;
				CLANG_WARN_COMMA = YES;
				CLANG_WARN_CONSTANT_CONVERSION = YES;
				CLANG_WARN_DEPRECATED_OBJC_IMPLEMENTATIONS = YES;
				CLANG_WARN_DIRECT_OBJC_ISA_USAGE = YES_ERROR;
				CLANG_WARN_DOCUMENTATION_COMMENTS = YES;
				CLANG_WARN_EMPTY_BODY = YES;
				CLANG_WARN_ENUM_CONVERSION = YES;
				CLANG_WARN_INFINITE_RECURSION = YES;
				CLANG_WARN_INT_CONVERSION = YES;
				CLANG_WARN_NON_LITERAL_NULL_CONVERSION = YES;
				CLANG_WARN_OBJC_IMPLICIT_RETAIN_SELF = YES;
				CLANG_WARN_OBJC_LITERAL_CONVERSION = YES;
				CLANG_WARN_OBJC_ROOT_CLASS = YES_ERROR;
				CLANG_WARN_QUOTED_INCLUDE_IN_FRAMEWORK_HEADER = YES;
				CLANG_WARN_RANGE_LOOP_ANALYSIS = YES;
				CLANG_WARN_STRICT_PROTOTYPES = YES;
				CLANG_WARN_SUSPICIOUS_MOVE = YES;
				CLANG_WARN_UNGUARDED_AVAILABILITY = YES_AGGRESSIVE;
				CLANG_WARN_UNREACHABLE_CODE = YES;
				CLANG_WARN__DUPLICATE_METHOD_MATCH = YES;
				COPY_PHASE_STRIP = NO;
				DEBUG_INFORMATION_FORMAT = dwarf;
				DEVELOPMENT_TEAM = 5R2D4Y969H;
				ENABLE_STRICT_OBJC_MSGSEND = YES;
				ENABLE_TESTABILITY = YES;
				ENABLE_USER_SCRIPT_SANDBOXING = YES;
				GCC_C_LANGUAGE_STANDARD = gnu17;
				GCC_DYNAMIC_NO_PIC = NO;
				GCC_NO_COMMON_BLOCKS = YES;
				GCC_OPTIMIZATION_LEVEL = 0;
				GCC_PREPROCESSOR_DEFINITIONS = (
					"DEBUG=1",
					"$(inherited)",
				);
				GCC_WARN_64_TO_32_BIT_CONVERSION = YES;
				GCC_WARN_ABOUT_RETURN_TYPE = YES_ERROR;
				GCC_WARN_UNDECLARED_SELECTOR = YES;
				GCC_WARN_UNINITIALIZED_AUTOS = YES_AGGRESSIVE;
				GCC_WARN_UNUSED_FUNCTION = YES;
				GCC_WARN_UNUSED_VARIABLE = YES;
				LOCALIZATION_PREFERS_STRING_CATALOGS = YES;
				MACOSX_DEPLOYMENT_TARGET = 15.4;
				MTL_ENABLE_DEBUG_INFO = INCLUDE_SOURCE;
				MTL_FAST_MATH = YES;
				ONLY_ACTIVE_ARCH = YES;
				SDKROOT = macosx;
				SWIFT_ACTIVE_COMPILATION_CONDITIONS = "DEBUG $(inherited)";
				SWIFT_OPTIMIZATION_LEVEL = "-Onone";
			};
			name = Debug;
		};
		DDA121522E01D0D500E3DD1A /* Release */ = {
			isa = XCBuildConfiguration;
			buildSettings = {
				ALWAYS_SEARCH_USER_PATHS = NO;
				ASSETCATALOG_COMPILER_GENERATE_SWIFT_ASSET_SYMBOL_EXTENSIONS = YES;
				CLANG_ANALYZER_NONNULL = YES;
				CLANG_ANALYZER_NUMBER_OBJECT_CONVERSION = YES_AGGRESSIVE;
				CLANG_CXX_LANGUAGE_STANDARD = "gnu++20";
				CLANG_ENABLE_MODULES = YES;
				CLANG_ENABLE_OBJC_ARC = YES;
				CLANG_ENABLE_OBJC_WEAK = YES;
				CLANG_WARN_BLOCK_CAPTURE_AUTORELEASING = YES;
				CLANG_WARN_BOOL_CONVERSION = YES;
				CLANG_WARN_COMMA = YES;
				CLANG_WARN_CONSTANT_CONVERSION = YES;
				CLANG_WARN_DEPRECATED_OBJC_IMPLEMENTATIONS = YES;
				CLANG_WARN_DIRECT_OBJC_ISA_USAGE = YES_ERROR;
				CLANG_WARN_DOCUMENTATION_COMMENTS = YES;
				CLANG_WARN_EMPTY_BODY = YES;
				CLANG_WARN_ENUM_CONVERSION = YES;
				CLANG_WARN_INFINITE_RECURSION = YES;
				CLANG_WARN_INT_CONVERSION = YES;
				CLANG_WARN_NON_LITERAL_NULL_CONVERSION = YES;
				CLANG_WARN_OBJC_IMPLICIT_RETAIN_SELF = YES;
				CLANG_WARN_OBJC_LITERAL_CONVERSION = YES;
				CLANG_WARN_OBJC_ROOT_CLASS = YES_ERROR;
				CLANG_WARN_QUOTED_INCLUDE_IN_FRAMEWORK_HEADER = YES;
				CLANG_WARN_RANGE_LOOP_ANALYSIS = YES;
				CLANG_WARN_STRICT_PROTOTYPES = YES;
				CLANG_WARN_SUSPICIOUS_MOVE = YES;
				CLANG_WARN_UNGUARDED_AVAILABILITY = YES_AGGRESSIVE;
				CLANG_WARN_UNREACHABLE_CODE = YES;
				CLANG_WARN__DUPLICATE_METHOD_MATCH = YES;
				COPY_PHASE_STRIP = NO;
				DEBUG_INFORMATION_FORMAT = "dwarf-with-dsym";
				DEVELOPMENT_TEAM = 5R2D4Y969H;
				ENABLE_NS_ASSERTIONS = NO;
				ENABLE_STRICT_OBJC_MSGSEND = YES;
				ENABLE_USER_SCRIPT_SANDBOXING = YES;
				GCC_C_LANGUAGE_STANDARD = gnu17;
				GCC_NO_COMMON_BLOCKS = YES;
				GCC_WARN_64_TO_32_BIT_CONVERSION = YES;
				GCC_WARN_ABOUT_RETURN_TYPE = YES_ERROR;
				GCC_WARN_UNDECLARED_SELECTOR = YES;
				GCC_WARN_UNINITIALIZED_AUTOS = YES_AGGRESSIVE;
				GCC_WARN_UNUSED_FUNCTION = YES;
				GCC_WARN_UNUSED_VARIABLE = YES;
				LOCALIZATION_PREFERS_STRING_CATALOGS = YES;
				MACOSX_DEPLOYMENT_TARGET = 15.4;
				MTL_ENABLE_DEBUG_INFO = NO;
				MTL_FAST_MATH = YES;
				SDKROOT = macosx;
				SWIFT_COMPILATION_MODE = wholemodule;
			};
			name = Release;
		};
		DDA121542E01D0D500E3DD1A /* Debug */ = {
			isa = XCBuildConfiguration;
			buildSettings = {
				ASSETCATALOG_COMPILER_APPICON_NAME = AppIcon;
				ASSETCATALOG_COMPILER_GLOBAL_ACCENT_COLOR_NAME = AccentColor;
				CODE_SIGN_ENTITLEMENTS = Things4/Things4.entitlements;
				CODE_SIGN_STYLE = Automatic;
				COMBINE_HIDPI_IMAGES = YES;
				CURRENT_PROJECT_VERSION = 1;
				DEVELOPMENT_TEAM = 5R2D4Y969H;
				ENABLE_HARDENED_RUNTIME = YES;
				ENABLE_PREVIEWS = YES;
				GENERATE_INFOPLIST_FILE = YES;
				INFOPLIST_FILE = Things4/Info.plist;
				INFOPLIST_KEY_NSHumanReadableCopyright = "";
				LD_RUNPATH_SEARCH_PATHS = (
					"$(inherited)",
					"@executable_path/../Frameworks",
				);
				MARKETING_VERSION = 1.0;
				PRODUCT_BUNDLE_IDENTIFIER = AOTondra.Things4;
				PRODUCT_NAME = "$(TARGET_NAME)";
				REGISTER_APP_GROUPS = YES;
				SUPPORTED_PLATFORMS = "iphoneos iphonesimulator macosx";
				SUPPORTS_MACCATALYST = NO;
				SWIFT_EMIT_LOC_STRINGS = YES;
				SWIFT_VERSION = 5.0;
				TARGETED_DEVICE_FAMILY = "1,2";
			};
			name = Debug;
		};
		DDA121552E01D0D500E3DD1A /* Release */ = {
			isa = XCBuildConfiguration;
			buildSettings = {
				ASSETCATALOG_COMPILER_APPICON_NAME = AppIcon;
				ASSETCATALOG_COMPILER_GLOBAL_ACCENT_COLOR_NAME = AccentColor;
				CODE_SIGN_ENTITLEMENTS = Things4/Things4.entitlements;
				CODE_SIGN_STYLE = Automatic;
				COMBINE_HIDPI_IMAGES = YES;
				CURRENT_PROJECT_VERSION = 1;
				DEVELOPMENT_TEAM = 5R2D4Y969H;
				ENABLE_HARDENED_RUNTIME = YES;
				ENABLE_PREVIEWS = YES;
				GENERATE_INFOPLIST_FILE = YES;
				INFOPLIST_FILE = Things4/Info.plist;
				INFOPLIST_KEY_NSHumanReadableCopyright = "";
				LD_RUNPATH_SEARCH_PATHS = (
					"$(inherited)",
					"@executable_path/../Frameworks",
				);
				MARKETING_VERSION = 1.0;
				PRODUCT_BUNDLE_IDENTIFIER = AOTondra.Things4;
				PRODUCT_NAME = "$(TARGET_NAME)";
				REGISTER_APP_GROUPS = YES;
				SUPPORTED_PLATFORMS = "iphoneos iphonesimulator macosx";
				SUPPORTS_MACCATALYST = NO;
				SWIFT_EMIT_LOC_STRINGS = YES;
				SWIFT_VERSION = 5.0;
				TARGETED_DEVICE_FAMILY = "1,2";
			};
			name = Release;
		};
		DDA121572E01D0D500E3DD1A /* Debug */ = {
			isa = XCBuildConfiguration;
			buildSettings = {
				BUNDLE_LOADER = "$(TEST_HOST)";
				CODE_SIGN_STYLE = Automatic;
				CURRENT_PROJECT_VERSION = 1;
				DEVELOPMENT_TEAM = 5R2D4Y969H;
				GENERATE_INFOPLIST_FILE = YES;
				MACOSX_DEPLOYMENT_TARGET = 15.4;
				MARKETING_VERSION = 1.0;
				PRODUCT_BUNDLE_IDENTIFIER = AOTondra.Things4Tests;
				PRODUCT_NAME = "$(TARGET_NAME)";
				SWIFT_EMIT_LOC_STRINGS = NO;
				SWIFT_VERSION = 5.0;
				TEST_HOST = "$(BUILT_PRODUCTS_DIR)/Things4.app/$(BUNDLE_EXECUTABLE_FOLDER_PATH)/Things4";
			};
			name = Debug;
		};
		DDA121582E01D0D500E3DD1A /* Release */ = {
			isa = XCBuildConfiguration;
			buildSettings = {
				BUNDLE_LOADER = "$(TEST_HOST)";
				CODE_SIGN_STYLE = Automatic;
				CURRENT_PROJECT_VERSION = 1;
				DEVELOPMENT_TEAM = 5R2D4Y969H;
				GENERATE_INFOPLIST_FILE = YES;
				MACOSX_DEPLOYMENT_TARGET = 15.4;
				MARKETING_VERSION = 1.0;
				PRODUCT_BUNDLE_IDENTIFIER = AOTondra.Things4Tests;
				PRODUCT_NAME = "$(TARGET_NAME)";
				SWIFT_EMIT_LOC_STRINGS = NO;
				SWIFT_VERSION = 5.0;
				TEST_HOST = "$(BUILT_PRODUCTS_DIR)/Things4.app/$(BUNDLE_EXECUTABLE_FOLDER_PATH)/Things4";
			};
			name = Release;
		};
		DDA1215A2E01D0D500E3DD1A /* Debug */ = {
			isa = XCBuildConfiguration;
			buildSettings = {
				CODE_SIGN_STYLE = Automatic;
				CURRENT_PROJECT_VERSION = 1;
				DEVELOPMENT_TEAM = 5R2D4Y969H;
				GENERATE_INFOPLIST_FILE = YES;
				MARKETING_VERSION = 1.0;
				PRODUCT_BUNDLE_IDENTIFIER = AOTondra.Things4UITests;
				PRODUCT_NAME = "$(TARGET_NAME)";
				SWIFT_EMIT_LOC_STRINGS = NO;
				SWIFT_VERSION = 5.0;
				TEST_TARGET_NAME = Things4;
			};
			name = Debug;
		};
		DDA1215B2E01D0D500E3DD1A /* Release */ = {
			isa = XCBuildConfiguration;
			buildSettings = {
				CODE_SIGN_STYLE = Automatic;
				CURRENT_PROJECT_VERSION = 1;
				DEVELOPMENT_TEAM = 5R2D4Y969H;
				GENERATE_INFOPLIST_FILE = YES;
				MARKETING_VERSION = 1.0;
				PRODUCT_BUNDLE_IDENTIFIER = AOTondra.Things4UITests;
				PRODUCT_NAME = "$(TARGET_NAME)";
				SWIFT_EMIT_LOC_STRINGS = NO;
				SWIFT_VERSION = 5.0;
				TEST_TARGET_NAME = Things4;
			};
			name = Release;
		};
		DDA121C52E02295F00E3DD1A /* Debug */ = {
			isa = XCBuildConfiguration;
			buildSettings = {
				ASSETCATALOG_COMPILER_GLOBAL_ACCENT_COLOR_NAME = AccentColor;
				ASSETCATALOG_COMPILER_WIDGET_BACKGROUND_COLOR_NAME = WidgetBackground;
				CODE_SIGN_ENTITLEMENTS = ThingsWidget/ThingsWidget.entitlements;
				CODE_SIGN_STYLE = Automatic;
				CURRENT_PROJECT_VERSION = 1;
				DEVELOPMENT_TEAM = 5R2D4Y969H;
				ENABLE_HARDENED_RUNTIME = YES;
				GENERATE_INFOPLIST_FILE = YES;
				INFOPLIST_FILE = ThingsWidget/Info.plist;
				INFOPLIST_KEY_CFBundleDisplayName = ThingsWidget;
				INFOPLIST_KEY_NSHumanReadableCopyright = "";
				LD_RUNPATH_SEARCH_PATHS = (
					"$(inherited)",
					"@executable_path/../Frameworks",
					"@executable_path/../../../../Frameworks",
				);
				MACOSX_DEPLOYMENT_TARGET = 14.0;
				MARKETING_VERSION = 1.0;
				PRODUCT_BUNDLE_IDENTIFIER = AOTondra.Things4.ThingsWidget;
				PRODUCT_NAME = "$(TARGET_NAME)";
				SKIP_INSTALL = YES;
				SWIFT_EMIT_LOC_STRINGS = YES;
				SWIFT_VERSION = 5.0;
			};
			name = Debug;
		};
		DDA121C62E02295F00E3DD1A /* Release */ = {
			isa = XCBuildConfiguration;
			buildSettings = {
				ASSETCATALOG_COMPILER_GLOBAL_ACCENT_COLOR_NAME = AccentColor;
				ASSETCATALOG_COMPILER_WIDGET_BACKGROUND_COLOR_NAME = WidgetBackground;
				CODE_SIGN_ENTITLEMENTS = ThingsWidget/ThingsWidget.entitlements;
				CODE_SIGN_STYLE = Automatic;
				CURRENT_PROJECT_VERSION = 1;
				DEVELOPMENT_TEAM = 5R2D4Y969H;
				ENABLE_HARDENED_RUNTIME = YES;
				GENERATE_INFOPLIST_FILE = YES;
				INFOPLIST_FILE = ThingsWidget/Info.plist;
				INFOPLIST_KEY_CFBundleDisplayName = ThingsWidget;
				INFOPLIST_KEY_NSHumanReadableCopyright = "";
				LD_RUNPATH_SEARCH_PATHS = (
					"$(inherited)",
					"@executable_path/../Frameworks",
					"@executable_path/../../../../Frameworks",
				);
				MACOSX_DEPLOYMENT_TARGET = 14.0;
				MARKETING_VERSION = 1.0;
				PRODUCT_BUNDLE_IDENTIFIER = AOTondra.Things4.ThingsWidget;
				PRODUCT_NAME = "$(TARGET_NAME)";
				SKIP_INSTALL = YES;
				SWIFT_EMIT_LOC_STRINGS = YES;
				SWIFT_VERSION = 5.0;
			};
			name = Release;
		};
		DDA121F02E022EE800E3DD1A /* Debug */ = {
			isa = XCBuildConfiguration;
			buildSettings = {
				ASSETCATALOG_COMPILER_APPICON_NAME = AppIcon;
				ASSETCATALOG_COMPILER_GLOBAL_ACCENT_COLOR_NAME = AccentColor;
				CODE_SIGN_STYLE = Automatic;
				CURRENT_PROJECT_VERSION = 1;
				DEVELOPMENT_TEAM = 5R2D4Y969H;
				ENABLE_PREVIEWS = YES;
				GENERATE_INFOPLIST_FILE = YES;
				INFOPLIST_KEY_CFBundleDisplayName = ThingsWatch;
				INFOPLIST_KEY_UISupportedInterfaceOrientations = "UIInterfaceOrientationPortrait UIInterfaceOrientationPortraitUpsideDown";
				INFOPLIST_KEY_WKCompanionAppBundleIdentifier = AOTondra.Things4;
				LD_RUNPATH_SEARCH_PATHS = (
					"$(inherited)",
					"@executable_path/Frameworks",
				);
				MARKETING_VERSION = 1.0;
				PRODUCT_BUNDLE_IDENTIFIER = AOTondra.Things4.watchkitapp;
				PRODUCT_NAME = "$(TARGET_NAME)";
				SDKROOT = watchos;
				SKIP_INSTALL = YES;
				SWIFT_EMIT_LOC_STRINGS = YES;
				SWIFT_VERSION = 5.0;
				TARGETED_DEVICE_FAMILY = 4;
				WATCHOS_DEPLOYMENT_TARGET = 11.4;
			};
			name = Debug;
		};
		DDA121F12E022EE800E3DD1A /* Release */ = {
			isa = XCBuildConfiguration;
			buildSettings = {
				ASSETCATALOG_COMPILER_APPICON_NAME = AppIcon;
				ASSETCATALOG_COMPILER_GLOBAL_ACCENT_COLOR_NAME = AccentColor;
				CODE_SIGN_STYLE = Automatic;
				CURRENT_PROJECT_VERSION = 1;
				DEVELOPMENT_TEAM = 5R2D4Y969H;
				ENABLE_PREVIEWS = YES;
				GENERATE_INFOPLIST_FILE = YES;
				INFOPLIST_KEY_CFBundleDisplayName = ThingsWatch;
				INFOPLIST_KEY_UISupportedInterfaceOrientations = "UIInterfaceOrientationPortrait UIInterfaceOrientationPortraitUpsideDown";
				INFOPLIST_KEY_WKCompanionAppBundleIdentifier = AOTondra.Things4;
				LD_RUNPATH_SEARCH_PATHS = (
					"$(inherited)",
					"@executable_path/Frameworks",
				);
				MARKETING_VERSION = 1.0;
				PRODUCT_BUNDLE_IDENTIFIER = AOTondra.Things4.watchkitapp;
				PRODUCT_NAME = "$(TARGET_NAME)";
				SDKROOT = watchos;
				SKIP_INSTALL = YES;
				SWIFT_EMIT_LOC_STRINGS = YES;
				SWIFT_VERSION = 5.0;
				TARGETED_DEVICE_FAMILY = 4;
				VALIDATE_PRODUCT = YES;
				WATCHOS_DEPLOYMENT_TARGET = 11.4;
			};
			name = Release;
		};
		DDA121F42E022EE800E3DD1A /* Debug */ = {
			isa = XCBuildConfiguration;
			buildSettings = {
				BUNDLE_LOADER = "$(TEST_HOST)";
				CODE_SIGN_STYLE = Automatic;
				CURRENT_PROJECT_VERSION = 1;
				DEVELOPMENT_TEAM = 5R2D4Y969H;
				GENERATE_INFOPLIST_FILE = YES;
				MARKETING_VERSION = 1.0;
				PRODUCT_BUNDLE_IDENTIFIER = "AOTondra.Things4.ThingsWatch-Watch-AppTests";
				PRODUCT_NAME = "$(TARGET_NAME)";
				SDKROOT = watchos;
				SWIFT_EMIT_LOC_STRINGS = NO;
				SWIFT_VERSION = 5.0;
				TARGETED_DEVICE_FAMILY = 4;
				TEST_HOST = "$(BUILT_PRODUCTS_DIR)/ThingsWatch Watch App.app/$(BUNDLE_EXECUTABLE_FOLDER_PATH)/ThingsWatch Watch App";
				WATCHOS_DEPLOYMENT_TARGET = 11.4;
			};
			name = Debug;
		};
		DDA121F52E022EE800E3DD1A /* Release */ = {
			isa = XCBuildConfiguration;
			buildSettings = {
				BUNDLE_LOADER = "$(TEST_HOST)";
				CODE_SIGN_STYLE = Automatic;
				CURRENT_PROJECT_VERSION = 1;
				DEVELOPMENT_TEAM = 5R2D4Y969H;
				GENERATE_INFOPLIST_FILE = YES;
				MARKETING_VERSION = 1.0;
				PRODUCT_BUNDLE_IDENTIFIER = "AOTondra.Things4.ThingsWatch-Watch-AppTests";
				PRODUCT_NAME = "$(TARGET_NAME)";
				SDKROOT = watchos;
				SWIFT_EMIT_LOC_STRINGS = NO;
				SWIFT_VERSION = 5.0;
				TARGETED_DEVICE_FAMILY = 4;
				TEST_HOST = "$(BUILT_PRODUCTS_DIR)/ThingsWatch Watch App.app/$(BUNDLE_EXECUTABLE_FOLDER_PATH)/ThingsWatch Watch App";
				VALIDATE_PRODUCT = YES;
				WATCHOS_DEPLOYMENT_TARGET = 11.4;
			};
			name = Release;
		};
		DDA121F72E022EE800E3DD1A /* Debug */ = {
			isa = XCBuildConfiguration;
			buildSettings = {
				CODE_SIGN_STYLE = Automatic;
				CURRENT_PROJECT_VERSION = 1;
				DEVELOPMENT_TEAM = 5R2D4Y969H;
				GENERATE_INFOPLIST_FILE = YES;
				MARKETING_VERSION = 1.0;
				PRODUCT_BUNDLE_IDENTIFIER = "AOTondra.Things4.ThingsWatch-Watch-AppUITests";
				PRODUCT_NAME = "$(TARGET_NAME)";
				SDKROOT = watchos;
				SWIFT_EMIT_LOC_STRINGS = NO;
				SWIFT_VERSION = 5.0;
				TARGETED_DEVICE_FAMILY = 4;
				TEST_TARGET_NAME = "ThingsWatch Watch App";
				WATCHOS_DEPLOYMENT_TARGET = 11.4;
			};
			name = Debug;
		};
		DDA121F82E022EE800E3DD1A /* Release */ = {
			isa = XCBuildConfiguration;
			buildSettings = {
				CODE_SIGN_STYLE = Automatic;
				CURRENT_PROJECT_VERSION = 1;
				DEVELOPMENT_TEAM = 5R2D4Y969H;
				GENERATE_INFOPLIST_FILE = YES;
				MARKETING_VERSION = 1.0;
				PRODUCT_BUNDLE_IDENTIFIER = "AOTondra.Things4.ThingsWatch-Watch-AppUITests";
				PRODUCT_NAME = "$(TARGET_NAME)";
				SDKROOT = watchos;
				SWIFT_EMIT_LOC_STRINGS = NO;
				SWIFT_VERSION = 5.0;
				TARGETED_DEVICE_FAMILY = 4;
				TEST_TARGET_NAME = "ThingsWatch Watch App";
				VALIDATE_PRODUCT = YES;
				WATCHOS_DEPLOYMENT_TARGET = 11.4;
			};
			name = Release;
		};
/* End XCBuildConfiguration section */

/* Begin XCConfigurationList section */
		DDA1212C2E01D0D300E3DD1A /* Build configuration list for PBXProject "Things4" */ = {
			isa = XCConfigurationList;
			buildConfigurations = (
				DDA121512E01D0D500E3DD1A /* Debug */,
				DDA121522E01D0D500E3DD1A /* Release */,
			);
			defaultConfigurationIsVisible = 0;
			defaultConfigurationName = Release;
		};
		DDA121532E01D0D500E3DD1A /* Build configuration list for PBXNativeTarget "Things4" */ = {
			isa = XCConfigurationList;
			buildConfigurations = (
				DDA121542E01D0D500E3DD1A /* Debug */,
				DDA121552E01D0D500E3DD1A /* Release */,
			);
			defaultConfigurationIsVisible = 0;
			defaultConfigurationName = Release;
		};
		DDA121562E01D0D500E3DD1A /* Build configuration list for PBXNativeTarget "Things4Tests" */ = {
			isa = XCConfigurationList;
			buildConfigurations = (
				DDA121572E01D0D500E3DD1A /* Debug */,
				DDA121582E01D0D500E3DD1A /* Release */,
			);
			defaultConfigurationIsVisible = 0;
			defaultConfigurationName = Release;
		};
		DDA121592E01D0D500E3DD1A /* Build configuration list for PBXNativeTarget "Things4UITests" */ = {
			isa = XCConfigurationList;
			buildConfigurations = (
				DDA1215A2E01D0D500E3DD1A /* Debug */,
				DDA1215B2E01D0D500E3DD1A /* Release */,
			);
			defaultConfigurationIsVisible = 0;
			defaultConfigurationName = Release;
		};
		DDA121C42E02295F00E3DD1A /* Build configuration list for PBXNativeTarget "ThingsWidgetExtension" */ = {
			isa = XCConfigurationList;
			buildConfigurations = (
				DDA121C52E02295F00E3DD1A /* Debug */,
				DDA121C62E02295F00E3DD1A /* Release */,
			);
			defaultConfigurationIsVisible = 0;
			defaultConfigurationName = Release;
		};
		DDA121EF2E022EE800E3DD1A /* Build configuration list for PBXNativeTarget "ThingsWatch Watch App" */ = {
			isa = XCConfigurationList;
			buildConfigurations = (
				DDA121F02E022EE800E3DD1A /* Debug */,
				DDA121F12E022EE800E3DD1A /* Release */,
			);
			defaultConfigurationIsVisible = 0;
			defaultConfigurationName = Release;
		};
		DDA121F32E022EE800E3DD1A /* Build configuration list for PBXNativeTarget "ThingsWatch Watch AppTests" */ = {
			isa = XCConfigurationList;
			buildConfigurations = (
				DDA121F42E022EE800E3DD1A /* Debug */,
				DDA121F52E022EE800E3DD1A /* Release */,
			);
			defaultConfigurationIsVisible = 0;
			defaultConfigurationName = Release;
		};
		DDA121F62E022EE800E3DD1A /* Build configuration list for PBXNativeTarget "ThingsWatch Watch AppUITests" */ = {
			isa = XCConfigurationList;
			buildConfigurations = (
				DDA121F72E022EE800E3DD1A /* Debug */,
				DDA121F82E022EE800E3DD1A /* Release */,
			);
			defaultConfigurationIsVisible = 0;
			defaultConfigurationName = Release;
		};
/* End XCConfigurationList section */
	};
	rootObject = DDA121292E01D0D300E3DD1A /* Project object */;
}
